# This file is automatically @generated by Cargo.
# It is not intended for manual editing.
version = 3

[[package]]
name = "day_05"
version = "0.1.0"
dependencies = [
 "read_file",
]

[[package]]
name = "read_file"
version = "0.1.0"
source = "git+https://github.com/Atamisk/read_file.git#a1040ee23b52f75d567b13cd81f86d635d50012b"
