# This file is automatically @generated by Cargo.
# It is not intended for manual editing.
version = 3

[[package]]
name = "day_02"
version = "0.1.0"
dependencies = [
 "read_file",
]

[[package]]
name = "read_file"
version = "0.1.0"
source = "git+ssh://skyline/git/read_file.git#6d82057b460612d183ba1dcfcc8404784565b00f"
